// !$*UTF8*$!
{
	archiveVersion = 1;
	classes = {
	};
	objectVersion = 48;
	objects = {

/* Begin PBXBuildFile section */
		1A9A660D1F97C77C00878333 /* AppDelegate.swift in Sources */ = {isa = PBXBuildFile; fileRef = 1A9A660C1F97C77C00878333 /* AppDelegate.swift */; };
		1A9A66141F97C77C00878333 /* Assets.xcassets in Resources */ = {isa = PBXBuildFile; fileRef = 1A9A66131F97C77C00878333 /* Assets.xcassets */; };
		1A9A661F1F97C79F00878333 /* PageVC.swift in Sources */ = {isa = PBXBuildFile; fileRef = 1A9A661E1F97C79F00878333 /* PageVC.swift */; };
		1A9A66211F97C7BA00878333 /* DetailedVC.swift in Sources */ = {isa = PBXBuildFile; fileRef = 1A9A66201F97C7BA00878333 /* DetailedVC.swift */; };
		1A9A66231F97C7CB00878333 /* ListVC.swift in Sources */ = {isa = PBXBuildFile; fileRef = 1A9A66221F97C7CB00878333 /* ListVC.swift */; };
		1A9A66261F9EF90700878333 /* WeatherLocation.swift in Sources */ = {isa = PBXBuildFile; fileRef = 1A9A66251F9EF90700878333 /* WeatherLocation.swift */; };
		1A9A66281F9F923F00878333 /* Constants.swift in Sources */ = {isa = PBXBuildFile; fileRef = 1A9A66271F9F923F00878333 /* Constants.swift */; };
		1A9A662E1F9FDA8100878333 /* Main1.storyboard in Resources */ = {isa = PBXBuildFile; fileRef = 1A9A662B1F9FD95800878333 /* Main1.storyboard */; };
		1A9A662F1F9FDA8100878333 /* LaunchScreen.storyboard in Resources */ = {isa = PBXBuildFile; fileRef = 1A9A662A1F9FAA2C00878333 /* LaunchScreen.storyboard */; };
		DC2E98B1361C84B7DCEC6D12 /* Pods_WeatherGiftUpdated.framework in Frameworks */ = {isa = PBXBuildFile; fileRef = E5F48C31B5DD3C6BD3E44424 /* Pods_WeatherGiftUpdated.framework */; };
/* End PBXBuildFile section */

/* Begin PBXFileReference section */
		1A9A66091F97C77C00878333 /* WeatherGiftUpdated.app */ = {isa = PBXFileReference; explicitFileType = wrapper.application; includeInIndex = 0; path = WeatherGiftUpdated.app; sourceTree = BUILT_PRODUCTS_DIR; };
		1A9A660C1F97C77C00878333 /* AppDelegate.swift */ = {isa = PBXFileReference; lastKnownFileType = sourcecode.swift; path = AppDelegate.swift; sourceTree = "<group>"; };
		1A9A66131F97C77C00878333 /* Assets.xcassets */ = {isa = PBXFileReference; lastKnownFileType = folder.assetcatalog; path = Assets.xcassets; sourceTree = "<group>"; };
		1A9A66181F97C77C00878333 /* Info.plist */ = {isa = PBXFileReference; lastKnownFileType = text.plist.xml; path = Info.plist; sourceTree = "<group>"; };
		1A9A661E1F97C79F00878333 /* PageVC.swift */ = {isa = PBXFileReference; lastKnownFileType = sourcecode.swift; path = PageVC.swift; sourceTree = "<group>"; };
		1A9A66201F97C7BA00878333 /* DetailedVC.swift */ = {isa = PBXFileReference; lastKnownFileType = sourcecode.swift; path = DetailedVC.swift; sourceTree = "<group>"; };
		1A9A66221F97C7CB00878333 /* ListVC.swift */ = {isa = PBXFileReference; lastKnownFileType = sourcecode.swift; path = ListVC.swift; sourceTree = "<group>"; };
		1A9A66251F9EF90700878333 /* WeatherLocation.swift */ = {isa = PBXFileReference; lastKnownFileType = sourcecode.swift; path = WeatherLocation.swift; sourceTree = "<group>"; };
		1A9A66271F9F923F00878333 /* Constants.swift */ = {isa = PBXFileReference; lastKnownFileType = sourcecode.swift; path = Constants.swift; sourceTree = "<group>"; };
		1A9A662A1F9FAA2C00878333 /* LaunchScreen.storyboard */ = {isa = PBXFileReference; lastKnownFileType = file.storyboard; path = LaunchScreen.storyboard; sourceTree = "<group>"; };
		1A9A662B1F9FD95800878333 /* Main1.storyboard */ = {isa = PBXFileReference; lastKnownFileType = file.storyboard; path = Main1.storyboard; sourceTree = "<group>"; };
		290529EC90C8CE767E74BD80 /* Pods-WeatherGiftUpdated.debug.xcconfig */ = {isa = PBXFileReference; includeInIndex = 1; lastKnownFileType = text.xcconfig; name = "Pods-WeatherGiftUpdated.debug.xcconfig"; path = "Pods/Target Support Files/Pods-WeatherGiftUpdated/Pods-WeatherGiftUpdated.debug.xcconfig"; sourceTree = "<group>"; };
		E5F48C31B5DD3C6BD3E44424 /* Pods_WeatherGiftUpdated.framework */ = {isa = PBXFileReference; explicitFileType = wrapper.framework; includeInIndex = 0; path = Pods_WeatherGiftUpdated.framework; sourceTree = BUILT_PRODUCTS_DIR; };
		FE2606D044345EE1E739C1F0 /* Pods-WeatherGiftUpdated.release.xcconfig */ = {isa = PBXFileReference; includeInIndex = 1; lastKnownFileType = text.xcconfig; name = "Pods-WeatherGiftUpdated.release.xcconfig"; path = "Pods/Target Support Files/Pods-WeatherGiftUpdated/Pods-WeatherGiftUpdated.release.xcconfig"; sourceTree = "<group>"; };
/* End PBXFileReference section */

/* Begin PBXFrameworksBuildPhase section */
		1A9A66061F97C77C00878333 /* Frameworks */ = {
			isa = PBXFrameworksBuildPhase;
			buildActionMask = 2147483647;
			files = (
				DC2E98B1361C84B7DCEC6D12 /* Pods_WeatherGiftUpdated.framework in Frameworks */,
			);
			runOnlyForDeploymentPostprocessing = 0;
		};
/* End PBXFrameworksBuildPhase section */

/* Begin PBXGroup section */
		1A9A66001F97C77C00878333 = {
			isa = PBXGroup;
			children = (
				1A9A660B1F97C77C00878333 /* WeatherGiftUpdated */,
				1A9A660A1F97C77C00878333 /* Products */,
				2F7301233177952FF081CA7E /* Pods */,
				BF7B8F8211179208A0FE32AC /* Frameworks */,
			);
			sourceTree = "<group>";
		};
		1A9A660A1F97C77C00878333 /* Products */ = {
			isa = PBXGroup;
			children = (
				1A9A66091F97C77C00878333 /* WeatherGiftUpdated.app */,
			);
			name = Products;
			sourceTree = "<group>";
		};
		1A9A660B1F97C77C00878333 /* WeatherGiftUpdated */ = {
			isa = PBXGroup;
			children = (
				1A9A660C1F97C77C00878333 /* AppDelegate.swift */,
				1A9A66251F9EF90700878333 /* WeatherLocation.swift */,
				1A9A661E1F97C79F00878333 /* PageVC.swift */,
				1A9A66201F97C7BA00878333 /* DetailedVC.swift */,
				1A9A66221F97C7CB00878333 /* ListVC.swift */,
				1A9A66271F9F923F00878333 /* Constants.swift */,
				1A9A662B1F9FD95800878333 /* Main1.storyboard */,
				1A9A66131F97C77C00878333 /* Assets.xcassets */,
				1A9A662A1F9FAA2C00878333 /* LaunchScreen.storyboard */,
				1A9A66181F97C77C00878333 /* Info.plist */,
			);
			path = WeatherGiftUpdated;
			sourceTree = "<group>";
		};
		2F7301233177952FF081CA7E /* Pods */ = {
			isa = PBXGroup;
			children = (
				290529EC90C8CE767E74BD80 /* Pods-WeatherGiftUpdated.debug.xcconfig */,
				FE2606D044345EE1E739C1F0 /* Pods-WeatherGiftUpdated.release.xcconfig */,
			);
			name = Pods;
			sourceTree = "<group>";
		};
		BF7B8F8211179208A0FE32AC /* Frameworks */ = {
			isa = PBXGroup;
			children = (
				E5F48C31B5DD3C6BD3E44424 /* Pods_WeatherGiftUpdated.framework */,
			);
			name = Frameworks;
			sourceTree = "<group>";
		};
/* End PBXGroup section */

/* Begin PBXNativeTarget section */
		1A9A66081F97C77C00878333 /* WeatherGiftUpdated */ = {
			isa = PBXNativeTarget;
			buildConfigurationList = 1A9A661B1F97C77C00878333 /* Build configuration list for PBXNativeTarget "WeatherGiftUpdated" */;
			buildPhases = (
				6C8CE7A2F52640DD0305B88D /* [CP] Check Pods Manifest.lock */,
				1A9A66051F97C77C00878333 /* Sources */,
				1A9A66061F97C77C00878333 /* Frameworks */,
				1A9A66071F97C77C00878333 /* Resources */,
				B27C5C3C874F56040D97210F /* [CP] Embed Pods Frameworks */,
				41C1A50B2C6ACC900A1B7559 /* [CP] Copy Pods Resources */,
			);
			buildRules = (
			);
			dependencies = (
			);
			name = WeatherGiftUpdated;
			productName = WeatherGiftUpdated;
			productReference = 1A9A66091F97C77C00878333 /* WeatherGiftUpdated.app */;
			productType = "com.apple.product-type.application";
		};
/* End PBXNativeTarget section */

/* Begin PBXProject section */
		1A9A66011F97C77C00878333 /* Project object */ = {
			isa = PBXProject;
			attributes = {
				LastSwiftUpdateCheck = 0900;
				LastUpgradeCheck = 0900;
				ORGANIZATIONNAME = "Matthew Batsinelas";
				TargetAttributes = {
					1A9A66081F97C77C00878333 = {
						CreatedOnToolsVersion = 9.0;
						ProvisioningStyle = Automatic;
					};
				};
			};
			buildConfigurationList = 1A9A66041F97C77C00878333 /* Build configuration list for PBXProject "WeatherGiftUpdated" */;
			compatibilityVersion = "Xcode 8.0";
			developmentRegion = en;
			hasScannedForEncodings = 0;
			knownRegions = (
				en,
				Base,
			);
			mainGroup = 1A9A66001F97C77C00878333;
			productRefGroup = 1A9A660A1F97C77C00878333 /* Products */;
			projectDirPath = "";
			projectRoot = "";
			targets = (
				1A9A66081F97C77C00878333 /* WeatherGiftUpdated */,
			);
		};
/* End PBXProject section */

/* Begin PBXResourcesBuildPhase section */
		1A9A66071F97C77C00878333 /* Resources */ = {
			isa = PBXResourcesBuildPhase;
			buildActionMask = 2147483647;
			files = (
				1A9A662E1F9FDA8100878333 /* Main1.storyboard in Resources */,
				1A9A662F1F9FDA8100878333 /* LaunchScreen.storyboard in Resources */,
				1A9A66141F97C77C00878333 /* Assets.xcassets in Resources */,
			);
			runOnlyForDeploymentPostprocessing = 0;
		};
/* End PBXResourcesBuildPhase section */

/* Begin PBXShellScriptBuildPhase section */
		41C1A50B2C6ACC900A1B7559 /* [CP] Copy Pods Resources */ = {
			isa = PBXShellScriptBuildPhase;
			buildActionMask = 2147483647;
			files = (
			);
			inputPaths = (
				"${SRCROOT}/Pods/Target Support Files/Pods-WeatherGiftUpdated/Pods-WeatherGiftUpdated-resources.sh",
				"${PODS_ROOT}/GooglePlaces/Frameworks/GooglePlaces.framework/Resources/GooglePlaces.bundle",
			);
			name = "[CP] Copy Pods Resources";
			outputPaths = (
				"${TARGET_BUILD_DIR}/${UNLOCALIZED_RESOURCES_FOLDER_PATH}",
			);
			runOnlyForDeploymentPostprocessing = 0;
			shellPath = /bin/sh;
			shellScript = "\"${SRCROOT}/Pods/Target Support Files/Pods-WeatherGiftUpdated/Pods-WeatherGiftUpdated-resources.sh\"\n";
			showEnvVarsInLog = 0;
		};
		6C8CE7A2F52640DD0305B88D /* [CP] Check Pods Manifest.lock */ = {
			isa = PBXShellScriptBuildPhase;
			buildActionMask = 2147483647;
			files = (
			);
			inputPaths = (
				"${PODS_PODFILE_DIR_PATH}/Podfile.lock",
				"${PODS_ROOT}/Manifest.lock",
			);
			name = "[CP] Check Pods Manifest.lock";
			outputPaths = (
				"$(DERIVED_FILE_DIR)/Pods-WeatherGiftUpdated-checkManifestLockResult.txt",
			);
			runOnlyForDeploymentPostprocessing = 0;
			shellPath = /bin/sh;
			shellScript = "diff \"${PODS_PODFILE_DIR_PATH}/Podfile.lock\" \"${PODS_ROOT}/Manifest.lock\" > /dev/null\nif [ $? != 0 ] ; then\n    # print error to STDERR\n    echo \"error: The sandbox is not in sync with the Podfile.lock. Run 'pod install' or update your CocoaPods installation.\" >&2\n    exit 1\nfi\n# This output is used by Xcode 'outputs' to avoid re-running this script phase.\necho \"SUCCESS\" > \"${SCRIPT_OUTPUT_FILE_0}\"\n";
			showEnvVarsInLog = 0;
		};
		B27C5C3C874F56040D97210F /* [CP] Embed Pods Frameworks */ = {
			isa = PBXShellScriptBuildPhase;
			buildActionMask = 2147483647;
			files = (
			);
			inputPaths = (
				"${SRCROOT}/Pods/Target Support Files/Pods-WeatherGiftUpdated/Pods-WeatherGiftUpdated-frameworks.sh",
				"${BUILT_PRODUCTS_DIR}/Alamofire/Alamofire.framework",
				"${BUILT_PRODUCTS_DIR}/SwiftyJSON/SwiftyJSON.framework",
			);
			name = "[CP] Embed Pods Frameworks";
			outputPaths = (
				"${TARGET_BUILD_DIR}/${FRAMEWORKS_FOLDER_PATH}/Alamofire.framework",
				"${TARGET_BUILD_DIR}/${FRAMEWORKS_FOLDER_PATH}/SwiftyJSON.framework",
			);
			runOnlyForDeploymentPostprocessing = 0;
			shellPath = /bin/sh;
			shellScript = "\"${SRCROOT}/Pods/Target Support Files/Pods-WeatherGiftUpdated/Pods-WeatherGiftUpdated-frameworks.sh\"\n";
			showEnvVarsInLog = 0;
		};
/* End PBXShellScriptBuildPhase section */

/* Begin PBXSourcesBuildPhase section */
		1A9A66051F97C77C00878333 /* Sources */ = {
			isa = PBXSourcesBuildPhase;
			buildActionMask = 2147483647;
			files = (
				1A9A66261F9EF90700878333 /* WeatherLocation.swift in Sources */,
				1A9A66231F97C7CB00878333 /* ListVC.swift in Sources */,
				1A9A660D1F97C77C00878333 /* AppDelegate.swift in Sources */,
				1A9A661F1F97C79F00878333 /* PageVC.swift in Sources */,
				1A9A66211F97C7BA00878333 /* DetailedVC.swift in Sources */,
				1A9A66281F9F923F00878333 /* Constants.swift in Sources */,
			);
			runOnlyForDeploymentPostprocessing = 0;
		};
/* End PBXSourcesBuildPhase section */

/* Begin XCBuildConfiguration section */
		1A9A66191F97C77C00878333 /* Debug */ = {
			isa = XCBuildConfiguration;
			buildSettings = {
				ALWAYS_SEARCH_USER_PATHS = NO;
				CLANG_ANALYZER_NONNULL = YES;
				CLANG_ANALYZER_NUMBER_OBJECT_CONVERSION = YES_AGGRESSIVE;
				CLANG_CXX_LANGUAGE_STANDARD = "gnu++14";
				CLANG_CXX_LIBRARY = "libc++";
				CLANG_ENABLE_MODULES = YES;
				CLANG_ENABLE_OBJC_ARC = YES;
				CLANG_WARN_BLOCK_CAPTURE_AUTORELEASING = YES;
				CLANG_WARN_BOOL_CONVERSION = YES;
				CLANG_WARN_COMMA = YES;
				CLANG_WARN_CONSTANT_CONVERSION = YES;
				CLANG_WARN_DIRECT_OBJC_ISA_USAGE = YES_ERROR;
				CLANG_WARN_DOCUMENTATION_COMMENTS = YES;
				CLANG_WARN_EMPTY_BODY = YES;
				CLANG_WARN_ENUM_CONVERSION = YES;
				CLANG_WARN_INFINITE_RECURSION = YES;
				CLANG_WARN_INT_CONVERSION = YES;
				CLANG_WARN_NON_LITERAL_NULL_CONVERSION = YES;
				CLANG_WARN_OBJC_LITERAL_CONVERSION = YES;
				CLANG_WARN_OBJC_ROOT_CLASS = YES_ERROR;
				CLANG_WARN_RANGE_LOOP_ANALYSIS = YES;
				CLANG_WARN_STRICT_PROTOTYPES = YES;
				CLANG_WARN_SUSPICIOUS_MOVE = YES;
				CLANG_WARN_UNGUARDED_AVAILABILITY = YES_AGGRESSIVE;
				CLANG_WARN_UNREACHABLE_CODE = YES;
				CLANG_WARN__DUPLICATE_METHOD_MATCH = YES;
				CODE_SIGN_IDENTITY = "iPhone Developer";
				COPY_PHASE_STRIP = NO;
				DEBUG_INFORMATION_FORMAT = dwarf;
				ENABLE_STRICT_OBJC_MSGSEND = YES;
				ENABLE_TESTABILITY = YES;
				GCC_C_LANGUAGE_STANDARD = gnu11;
				GCC_DYNAMIC_NO_PIC = NO;
				GCC_NO_COMMON_BLOCKS = YES;
				GCC_OPTIMIZATION_LEVEL = 0;
				GCC_PREPROCESSOR_DEFINITIONS = (
					"DEBUG=1",
					"$(inherited)",
				);
				GCC_WARN_64_TO_32_BIT_CONVERSION = YES;
				GCC_WARN_ABOUT_RETURN_TYPE = YES_ERROR;
				GCC_WARN_UNDECLARED_SELECTOR = YES;
				GCC_WARN_UNINITIALIZED_AUTOS = YES_AGGRESSIVE;
				GCC_WARN_UNUSED_FUNCTION = YES;
				GCC_WARN_UNUSED_VARIABLE = YES;
				IPHONEOS_DEPLOYMENT_TARGET = 11.0;
				MTL_ENABLE_DEBUG_INFO = YES;
				ONLY_ACTIVE_ARCH = YES;
				SDKROOT = iphoneos;
				SWIFT_ACTIVE_COMPILATION_CONDITIONS = DEBUG;
				SWIFT_OPTIMIZATION_LEVEL = "-Onone";
			};
			name = Debug;
		};
		1A9A661A1F97C77C00878333 /* Release */ = {
			isa = XCBuildConfiguration;
			buildSettings = {
				ALWAYS_SEARCH_USER_PATHS = NO;
				CLANG_ANALYZER_NONNULL = YES;
				CLANG_ANALYZER_NUMBER_OBJECT_CONVERSION = YES_AGGRESSIVE;
				CLANG_CXX_LANGUAGE_STANDARD = "gnu++14";
				CLANG_CXX_LIBRARY = "libc++";
				CLANG_ENABLE_MODULES = YES;
				CLANG_ENABLE_OBJC_ARC = YES;
				CLANG_WARN_BLOCK_CAPTURE_AUTORELEASING = YES;
				CLANG_WARN_BOOL_CONVERSION = YES;
				CLANG_WARN_COMMA = YES;
				CLANG_WARN_CONSTANT_CONVERSION = YES;
				CLANG_WARN_DIRECT_OBJC_ISA_USAGE = YES_ERROR;
				CLANG_WARN_DOCUMENTATION_COMMENTS = YES;
				CLANG_WARN_EMPTY_BODY = YES;
				CLANG_WARN_ENUM_CONVERSION = YES;
				CLANG_WARN_INFINITE_RECURSION = YES;
				CLANG_WARN_INT_CONVERSION = YES;
				CLANG_WARN_NON_LITERAL_NULL_CONVERSION = YES;
				CLANG_WARN_OBJC_LITERAL_CONVERSION = YES;
				CLANG_WARN_OBJC_ROOT_CLASS = YES_ERROR;
				CLANG_WARN_RANGE_LOOP_ANALYSIS = YES;
				CLANG_WARN_STRICT_PROTOTYPES = YES;
				CLANG_WARN_SUSPICIOUS_MOVE = YES;
				CLANG_WARN_UNGUARDED_AVAILABILITY = YES_AGGRESSIVE;
				CLANG_WARN_UNREACHABLE_CODE = YES;
				CLANG_WARN__DUPLICATE_METHOD_MATCH = YES;
				CODE_SIGN_IDENTITY = "iPhone Developer";
				COPY_PHASE_STRIP = NO;
				DEBUG_INFORMATION_FORMAT = "dwarf-with-dsym";
				ENABLE_NS_ASSERTIONS = NO;
				ENABLE_STRICT_OBJC_MSGSEND = YES;
				GCC_C_LANGUAGE_STANDARD = gnu11;
				GCC_NO_COMMON_BLOCKS = YES;
				GCC_WARN_64_TO_32_BIT_CONVERSION = YES;
				GCC_WARN_ABOUT_RETURN_TYPE = YES_ERROR;
				GCC_WARN_UNDECLARED_SELECTOR = YES;
				GCC_WARN_UNINITIALIZED_AUTOS = YES_AGGRESSIVE;
				GCC_WARN_UNUSED_FUNCTION = YES;
				GCC_WARN_UNUSED_VARIABLE = YES;
				IPHONEOS_DEPLOYMENT_TARGET = 11.0;
				MTL_ENABLE_DEBUG_INFO = NO;
				SDKROOT = iphoneos;
				SWIFT_OPTIMIZATION_LEVEL = "-Owholemodule";
				VALIDATE_PRODUCT = YES;
			};
			name = Release;
		};
		1A9A661C1F97C77C00878333 /* Debug */ = {
			isa = XCBuildConfiguration;
			baseConfigurationReference = 290529EC90C8CE767E74BD80 /* Pods-WeatherGiftUpdated.debug.xcconfig */;
			buildSettings = {
				ASSETCATALOG_COMPILER_APPICON_NAME = AppIcon;
				CODE_SIGN_STYLE = Automatic;
				DEVELOPMENT_TEAM = A8S2PR28P4;
				INFOPLIST_FILE = WeatherGiftUpdated/Info.plist;
				LD_RUNPATH_SEARCH_PATHS = "$(inherited) @executable_path/Frameworks";
				PRODUCT_BUNDLE_IDENTIFIER = MatthewBatsinelas.WeatherGiftUpdated;
				PRODUCT_NAME = "$(TARGET_NAME)";
				SWIFT_VERSION = 4.0;
				TARGETED_DEVICE_FAMILY = "1,2";
			};
			name = Debug;
		};
		1A9A661D1F97C77C00878333 /* Release */ = {
			isa = XCBuildConfiguration;
			baseConfigurationReference = FE2606D044345EE1E739C1F0 /* Pods-WeatherGiftUpdated.release.xcconfig */;
			buildSettings = {
				ASSETCATALOG_COMPILER_APPICON_NAME = AppIcon;
				CODE_SIGN_STYLE = Automatic;
				DEVELOPMENT_TEAM = A8S2PR28P4;
				INFOPLIST_FILE = WeatherGiftUpdated/Info.plist;
				LD_RUNPATH_SEARCH_PATHS = "$(inherited) @executable_path/Frameworks";
				PRODUCT_BUNDLE_IDENTIFIER = MatthewBatsinelas.WeatherGiftUpdated;
				PRODUCT_NAME = "$(TARGET_NAME)";
				SWIFT_VERSION = 4.0;
				TARGETED_DEVICE_FAMILY = "1,2";
			};
			name = Release;
		};
/* End XCBuildConfiguration section */

/* Begin XCConfigurationList section */
		1A9A66041F97C77C00878333 /* Build configuration list for PBXProject "WeatherGiftUpdated" */ = {
			isa = XCConfigurationList;
			buildConfigurations = (
				1A9A66191F97C77C00878333 /* Debug */,
				1A9A661A1F97C77C00878333 /* Release */,
			);
			defaultConfigurationIsVisible = 0;
			defaultConfigurationName = Release;
		};
		1A9A661B1F97C77C00878333 /* Build configuration list for PBXNativeTarget "WeatherGiftUpdated" */ = {
			isa = XCConfigurationList;
			buildConfigurations = (
				1A9A661C1F97C77C00878333 /* Debug */,
				1A9A661D1F97C77C00878333 /* Release */,
			);
			defaultConfigurationIsVisible = 0;
			defaultConfigurationName = Release;
		};
/* End XCConfigurationList section */
	};
	rootObject = 1A9A66011F97C77C00878333 /* Project object */;
}
